Microsoft Visual Studio Solution File, Format Version 12.00
# Visual Studio Version 17
VisualStudioVersion = 17.5.2.0
MinimumVisualStudioVersion = 10.0.40219.1
Project("{FAE04EC0-301F-11D3-BF4B-00C04F79EFBC}") = "simp enc. ord", "simp enc. ord.csproj", "{B44359BA-1670-FC7E-A45E-F5815E7FA754}"
EndProject
Global
	GlobalSection(SolutionConfigurationPlatforms) = preSolution
		Debug|Any CPU = Debug|Any CPU
		Release|Any CPU = Release|Any CPU
	EndGlobalSection
	GlobalSection(ProjectConfigurationPlatforms) = postSolution
		{B44359BA-1670-FC7E-A45E-F5815E7FA754}.Debug|Any CPU.ActiveCfg = Debug|Any CPU
		{B44359BA-1670-FC7E-A45E-F5815E7FA754}.Debug|Any CPU.Build.0 = Debug|Any CPU
		{B44359BA-1670-FC7E-A45E-F5815E7FA754}.Release|Any CPU.ActiveCfg = Release|Any CPU
		{B44359BA-1670-FC7E-A45E-F5815E7FA754}.Release|Any CPU.Build.0 = Release|Any CPU
	EndGlobalSection
	GlobalSection(SolutionProperties) = preSolution
		HideSolutionNode = FALSE
	EndGlobalSection
	GlobalSection(ExtensibilityGlobals) = postSolution
		SolutionGuid = {355952B0-76B0-4172-AC87-14D8F9825B9B}
	EndGlobalSection
EndGlobal
